
Microsoft Visual Studio Solution File, Format Version 12.00
# Visual Studio Version 17
VisualStudioVersion = 17.7.34024.191
MinimumVisualStudioVersion = 10.0.40219.1
Project("{9A19103F-16F7-4668-BE54-9A1E7A4F7556}") = "Final Project", "Final Project\Final Project.csproj", "{03D4E849-A831-46C4-ADD1-5FB7CEC2A92E}"
EndProject
Global
	GlobalSection(SolutionConfigurationPlatforms) = preSolution
		Debug|Any CPU = Debug|Any CPU
		Release|Any CPU = Release|Any CPU
	EndGlobalSection
	GlobalSection(ProjectConfigurationPlatforms) = postSolution
		{03D4E849-A831-46C4-ADD1-5FB7CEC2A92E}.Debug|Any CPU.ActiveCfg = Debug|Any CPU
		{03D4E849-A831-46C4-ADD1-5FB7CEC2A92E}.Debug|Any CPU.Build.0 = Debug|Any CPU
		{03D4E849-A831-46C4-ADD1-5FB7CEC2A92E}.Release|Any CPU.ActiveCfg = Release|Any CPU
		{03D4E849-A831-46C4-ADD1-5FB7CEC2A92E}.Release|Any CPU.Build.0 = Release|Any CPU
	EndGlobalSection
	GlobalSection(SolutionProperties) = preSolution
		HideSolutionNode = FALSE
	EndGlobalSection
	GlobalSection(ExtensibilityGlobals) = postSolution
		SolutionGuid = {299B4B7A-FAA5-4D8E-B091-542B4B978A9E}
	EndGlobalSection
EndGlobal
